
Microsoft Visual Studio Solution File, Format Version 12.00
# Visual Studio Version 17
VisualStudioVersion = 17.12.35514.174
MinimumVisualStudioVersion = 10.0.40219.1
Project("{FAE04EC0-301F-11D3-BF4B-00C04F79EFBC}") = "AspanGround-2", "AspanGround-2.csproj", "{692F80A5-1BA7-4374-8084-C081E3D10609}"
EndProject
Project("{54435603-DBB4-11D2-8724-00A0C9A8B90C}") = "AspanGround", "AspanGround\AspanGround.vdproj", "{5AF45610-CB6E-B899-7BF0-62A6663B25AD}"
EndProject
Global
	GlobalSection(SolutionConfigurationPlatforms) = preSolution
		Debug|Any CPU = Debug|Any CPU
		Release|Any CPU = Release|Any CPU
	EndGlobalSection
	GlobalSection(ProjectConfigurationPlatforms) = postSolution
		{692F80A5-1BA7-4374-8084-C081E3D10609}.Debug|Any CPU.ActiveCfg = Debug|Any CPU
		{692F80A5-1BA7-4374-8084-C081E3D10609}.Debug|Any CPU.Build.0 = Debug|Any CPU
		{692F80A5-1BA7-4374-8084-C081E3D10609}.Release|Any CPU.ActiveCfg = Release|Any CPU
		{692F80A5-1BA7-4374-8084-C081E3D10609}.Release|Any CPU.Build.0 = Release|Any CPU
		{5AF45610-CB6E-B899-7BF0-62A6663B25AD}.Debug|Any CPU.ActiveCfg = Debug
		{5AF45610-CB6E-B899-7BF0-62A6663B25AD}.Release|Any CPU.ActiveCfg = Release
	EndGlobalSection
	GlobalSection(SolutionProperties) = preSolution
		HideSolutionNode = FALSE
	EndGlobalSection
	GlobalSection(ExtensibilityGlobals) = postSolution
		SolutionGuid = {55CF5B85-96D9-4DBF-A822-543255A30233}
	EndGlobalSection
EndGlobal
